
Microsoft Visual Studio Solution File, Format Version 12.00
# Visual Studio Version 17
VisualStudioVersion = 17.5.002.0
MinimumVisualStudioVersion = 10.0.40219.1
Project("{9A19103F-16F7-4668-BE54-9A1E7A4F7556}") = "EmpresasCulturales", "EmpresasCulturales.csproj", "{E1BB6609-855D-4C19-A71F-C84BD8FD6C92}"
EndProject
Global
	GlobalSection(SolutionConfigurationPlatforms) = preSolution
		Debug|Any CPU = Debug|Any CPU
		Release|Any CPU = Release|Any CPU
	EndGlobalSection
	GlobalSection(ProjectConfigurationPlatforms) = postSolution
		{E1BB6609-855D-4C19-A71F-C84BD8FD6C92}.Debug|Any CPU.ActiveCfg = Debug|Any CPU
		{E1BB6609-855D-4C19-A71F-C84BD8FD6C92}.Debug|Any CPU.Build.0 = Debug|Any CPU
		{E1BB6609-855D-4C19-A71F-C84BD8FD6C92}.Release|Any CPU.ActiveCfg = Release|Any CPU
		{E1BB6609-855D-4C19-A71F-C84BD8FD6C92}.Release|Any CPU.Build.0 = Release|Any CPU
	EndGlobalSection
	GlobalSection(SolutionProperties) = preSolution
		HideSolutionNode = FALSE
	EndGlobalSection
	GlobalSection(ExtensibilityGlobals) = postSolution
		SolutionGuid = {C788EF98-8F97-4D51-8AEC-7E4EE76C8D77}
	EndGlobalSection
EndGlobal
